# THIS IS AN AUTOGENERATED FILE. DO NOT EDIT THIS FILE DIRECTLY.
# yarn lockfile v1


flexiblegs-css@^5.6.0:
  version "5.6.0"
  resolved "https://registry.yarnpkg.com/flexiblegs-css/-/flexiblegs-css-5.6.0.tgz#83986a0380c3e9affb09eb6fdc1fcc51723e15be"
  integrity sha512-fXsgfw9v6RV5xqgp1sW1BeWU3L6MoyYE3zWeHLaPsq93r+UPkXu15S3wNJvEPbdWvdYN1JnRncnYhbqpmfxeYQ==
