# THIS IS AN AUTOGENERATED FILE. DO NOT EDIT THIS FILE DIRECTLY.
# yarn lockfile v1


"@vizuaalog/bulmajs@^0.11.0":
  version "0.11.0"
  resolved "https://registry.yarnpkg.com/@vizuaalog/bulmajs/-/bulmajs-0.11.0.tgz#4da8df7e5840e9f069a89f0223c8b8f55d4c1ec8"
  integrity sha512-Zv7RYZuY3o9OMixtFN3syeKFfDg/aU/4BcyIEl7WBXFZmf55p24la3KDEv9tgpPFtRPhjo3IMbdbvWPFwpnNXg==

bulma@^0.9.1:
  version "0.9.1"
  resolved "https://registry.yarnpkg.com/bulma/-/bulma-0.9.1.tgz#2bf0e25062a22166db5c92e8c3dcb4605ab040d8"
  integrity sha512-LSF69OumXg2HSKl2+rN0/OEXJy7WFEb681wtBlNS/ulJYR27J3rORHibdXZ6GVb/vyUzzYK/Arjyh56wjbFedA==
