# THIS IS AN AUTOGENERATED FILE. DO NOT EDIT THIS FILE DIRECTLY.
# yarn lockfile v1


"@vizuaalog/bulmajs@^0.11.0":
  version "0.11.0"
  resolved "https://registry.npmjs.org/@vizuaalog/bulmajs/-/bulmajs-0.11.0.tgz"
  integrity sha512-Zv7RYZuY3o9OMixtFN3syeKFfDg/aU/4BcyIEl7WBXFZmf55p24la3KDEv9tgpPFtRPhjo3IMbdbvWPFwpnNXg==

bulma@^0.9.1:
  version "0.9.1"
  resolved "https://registry.npmjs.org/bulma/-/bulma-0.9.1.tgz"
  integrity sha512-LSF69OumXg2HSKl2+rN0/OEXJy7WFEb681wtBlNS/ulJYR27J3rORHibdXZ6GVb/vyUzzYK/Arjyh56wjbFedA==
